// !$*UTF8*$!
{
	archiveVersion = 1;
	classes = {
	};
	objectVersion = 77;
	objects = {

/* Begin PBXContainerItemProxy section */
		1ECCE7F32DB7B70A0017CA12 /* PBXContainerItemProxy */ = {
			isa = PBXContainerItemProxy;
			containerPortal = 1ECCE7DD2DB7B7080017CA12 /* Project object */;
			proxyType = 1;
			remoteGlobalIDString = 1ECCE7E42DB7B7080017CA12;
			remoteInfo = apple_contact_clone;
		};
		1ECCE7FD2DB7B70A0017CA12 /* PBXContainerItemProxy */ = {
			isa = PBXContainerItemProxy;
			containerPortal = 1ECCE7DD2DB7B7080017CA12 /* Project object */;
			proxyType = 1;
			remoteGlobalIDString = 1ECCE7E42DB7B7080017CA12;
			remoteInfo = apple_contact_clone;
		};
/* End PBXContainerItemProxy section */

/* Begin PBXFileReference section */
		1ECCE7E52DB7B7080017CA12 /* apple_contact_clone.app */ = {isa = PBXFileReference; explicitFileType = wrapper.application; includeInIndex = 0; path = apple_contact_clone.app; sourceTree = BUILT_PRODUCTS_DIR; };
		1ECCE7F22DB7B70A0017CA12 /* apple_contact_cloneTests.xctest */ = {isa = PBXFileReference; explicitFileType = wrapper.cfbundle; includeInIndex = 0; path = apple_contact_cloneTests.xctest; sourceTree = BUILT_PRODUCTS_DIR; };
		1ECCE7FC2DB7B70A0017CA12 /* apple_contact_cloneUITests.xctest */ = {isa = PBXFileReference; explicitFileType = wrapper.cfbundle; includeInIndex = 0; path = apple_contact_cloneUITests.xctest; sourceTree = BUILT_PRODUCTS_DIR; };
/* End PBXFileReference section */

/* Begin PBXFileSystemSynchronizedRootGroup section */
		1ECCE7E72DB7B7080017CA12 /* apple_contact_clone */ = {
			isa = PBXFileSystemSynchronizedRootGroup;
			path = apple_contact_clone;
			sourceTree = "<group>";
		};
		1ECCE7F52DB7B70A0017CA12 /* apple_contact_cloneTests */ = {
			isa = PBXFileSystemSynchronizedRootGroup;
			path = apple_contact_cloneTests;
			sourceTree = "<group>";
		};
		1ECCE7FF2DB7B70A0017CA12 /* apple_contact_cloneUITests */ = {
			isa = PBXFileSystemSynchronizedRootGroup;
			path = apple_contact_cloneUITests;
			sourceTree = "<group>";
		};
/* End PBXFileSystemSynchronizedRootGroup section */

/* Begin PBXFrameworksBuildPhase section */
		1ECCE7E22DB7B7080017CA12 /* Frameworks */ = {
			isa = PBXFrameworksBuildPhase;
			buildActionMask = 2147483647;
			files = (
			);
			runOnlyForDeploymentPostprocessing = 0;
		};
		1ECCE7EF2DB7B70A0017CA12 /* Frameworks */ = {
			isa = PBXFrameworksBuildPhase;
			buildActionMask = 2147483647;
			files = (
			);
			runOnlyForDeploymentPostprocessing = 0;
		};
		1ECCE7F92DB7B70A0017CA12 /* Frameworks */ = {
			isa = PBXFrameworksBuildPhase;
			buildActionMask = 2147483647;
			files = (
			);
			runOnlyForDeploymentPostprocessing = 0;
		};
/* End PBXFrameworksBuildPhase section */

/* Begin PBXGroup section */
		1ECCE7DC2DB7B7080017CA12 = {
			isa = PBXGroup;
			children = (
				1ECCE7E72DB7B7080017CA12 /* apple_contact_clone */,
				1ECCE7F52DB7B70A0017CA12 /* apple_contact_cloneTests */,
				1ECCE7FF2DB7B70A0017CA12 /* apple_contact_cloneUITests */,
				1ECCE7E62DB7B7080017CA12 /* Products */,
			);
			sourceTree = "<group>";
		};
		1ECCE7E62DB7B7080017CA12 /* Products */ = {
			isa = PBXGroup;
			children = (
				1ECCE7E52DB7B7080017CA12 /* apple_contact_clone.app */,
				1ECCE7F22DB7B70A0017CA12 /* apple_contact_cloneTests.xctest */,
				1ECCE7FC2DB7B70A0017CA12 /* apple_contact_cloneUITests.xctest */,
			);
			name = Products;
			sourceTree = "<group>";
		};
/* End PBXGroup section */

/* Begin PBXNativeTarget section */
		1ECCE7E42DB7B7080017CA12 /* apple_contact_clone */ = {
			isa = PBXNativeTarget;
			buildConfigurationList = 1ECCE8062DB7B70A0017CA12 /* Build configuration list for PBXNativeTarget "apple_contact_clone" */;
			buildPhases = (
				1ECCE7E12DB7B7080017CA12 /* Sources */,
				1ECCE7E22DB7B7080017CA12 /* Frameworks */,
				1ECCE7E32DB7B7080017CA12 /* Resources */,
			);
			buildRules = (
			);
			dependencies = (
			);
			fileSystemSynchronizedGroups = (
				1ECCE7E72DB7B7080017CA12 /* apple_contact_clone */,
			);
			name = apple_contact_clone;
			packageProductDependencies = (
			);
			productName = apple_contact_clone;
			productReference = 1ECCE7E52DB7B7080017CA12 /* apple_contact_clone.app */;
			productType = "com.apple.product-type.application";
		};
		1ECCE7F12DB7B70A0017CA12 /* apple_contact_cloneTests */ = {
			isa = PBXNativeTarget;
			buildConfigurationList = 1ECCE8092DB7B70A0017CA12 /* Build configuration list for PBXNativeTarget "apple_contact_cloneTests" */;
			buildPhases = (
				1ECCE7EE2DB7B70A0017CA12 /* Sources */,
				1ECCE7EF2DB7B70A0017CA12 /* Frameworks */,
				1ECCE7F02DB7B70A0017CA12 /* Resources */,
			);
			buildRules = (
			);
			dependencies = (
				1ECCE7F42DB7B70A0017CA12 /* PBXTargetDependency */,
			);
			fileSystemSynchronizedGroups = (
				1ECCE7F52DB7B70A0017CA12 /* apple_contact_cloneTests */,
			);
			name = apple_contact_cloneTests;
			packageProductDependencies = (
			);
			productName = apple_contact_cloneTests;
			productReference = 1ECCE7F22DB7B70A0017CA12 /* apple_contact_cloneTests.xctest */;
			productType = "com.apple.product-type.bundle.unit-test";
		};
		1ECCE7FB2DB7B70A0017CA12 /* apple_contact_cloneUITests */ = {
			isa = PBXNativeTarget;
			buildConfigurationList = 1ECCE80C2DB7B70A0017CA12 /* Build configuration list for PBXNativeTarget "apple_contact_cloneUITests" */;
			buildPhases = (
				1ECCE7F82DB7B70A0017CA12 /* Sources */,
				1ECCE7F92DB7B70A0017CA12 /* Frameworks */,
				1ECCE7FA2DB7B70A0017CA12 /* Resources */,
			);
			buildRules = (
			);
			dependencies = (
				1ECCE7FE2DB7B70A0017CA12 /* PBXTargetDependency */,
			);
			fileSystemSynchronizedGroups = (
				1ECCE7FF2DB7B70A0017CA12 /* apple_contact_cloneUITests */,
			);
			name = apple_contact_cloneUITests;
			packageProductDependencies = (
			);
			productName = apple_contact_cloneUITests;
			productReference = 1ECCE7FC2DB7B70A0017CA12 /* apple_contact_cloneUITests.xctest */;
			productType = "com.apple.product-type.bundle.ui-testing";
		};
/* End PBXNativeTarget section */

/* Begin PBXProject section */
		1ECCE7DD2DB7B7080017CA12 /* Project object */ = {
			isa = PBXProject;
			attributes = {
				BuildIndependentTargetsInParallel = 1;
				LastSwiftUpdateCheck = 1630;
				LastUpgradeCheck = 1630;
				TargetAttributes = {
					1ECCE7E42DB7B7080017CA12 = {
						CreatedOnToolsVersion = 16.3;
					};
					1ECCE7F12DB7B70A0017CA12 = {
						CreatedOnToolsVersion = 16.3;
						TestTargetID = 1ECCE7E42DB7B7080017CA12;
					};
					1ECCE7FB2DB7B70A0017CA12 = {
						CreatedOnToolsVersion = 16.3;
						TestTargetID = 1ECCE7E42DB7B7080017CA12;
					};
				};
			};
			buildConfigurationList = 1ECCE7E02DB7B7080017CA12 /* Build configuration list for PBXProject "apple_contact_clone" */;
			developmentRegion = en;
			hasScannedForEncodings = 0;
			knownRegions = (
				en,
				Base,
			);
			mainGroup = 1ECCE7DC2DB7B7080017CA12;
			minimizedProjectReferenceProxies = 1;
			preferredProjectObjectVersion = 77;
			productRefGroup = 1ECCE7E62DB7B7080017CA12 /* Products */;
			projectDirPath = "";
			projectRoot = "";
			targets = (
				1ECCE7E42DB7B7080017CA12 /* apple_contact_clone */,
				1ECCE7F12DB7B70A0017CA12 /* apple_contact_cloneTests */,
				1ECCE7FB2DB7B70A0017CA12 /* apple_contact_cloneUITests */,
			);
		};
/* End PBXProject section */

/* Begin PBXResourcesBuildPhase section */
		1ECCE7E32DB7B7080017CA12 /* Resources */ = {
			isa = PBXResourcesBuildPhase;
			buildActionMask = 2147483647;
			files = (
			);
			runOnlyForDeploymentPostprocessing = 0;
		};
		1ECCE7F02DB7B70A0017CA12 /* Resources */ = {
			isa = PBXResourcesBuildPhase;
			buildActionMask = 2147483647;
			files = (
			);
			runOnlyForDeploymentPostprocessing = 0;
		};
		1ECCE7FA2DB7B70A0017CA12 /* Resources */ = {
			isa = PBXResourcesBuildPhase;
			buildActionMask = 2147483647;
			files = (
			);
			runOnlyForDeploymentPostprocessing = 0;
		};
/* End PBXResourcesBuildPhase section */

/* Begin PBXSourcesBuildPhase section */
		1ECCE7E12DB7B7080017CA12 /* Sources */ = {
			isa = PBXSourcesBuildPhase;
			buildActionMask = 2147483647;
			files = (
			);
			runOnlyForDeploymentPostprocessing = 0;
		};
		1ECCE7EE2DB7B70A0017CA12 /* Sources */ = {
			isa = PBXSourcesBuildPhase;
			buildActionMask = 2147483647;
			files = (
			);
			runOnlyForDeploymentPostprocessing = 0;
		};
		1ECCE7F82DB7B70A0017CA12 /* Sources */ = {
			isa = PBXSourcesBuildPhase;
			buildActionMask = 2147483647;
			files = (
			);
			runOnlyForDeploymentPostprocessing = 0;
		};
/* End PBXSourcesBuildPhase section */

/* Begin PBXTargetDependency section */
		1ECCE7F42DB7B70A0017CA12 /* PBXTargetDependency */ = {
			isa = PBXTargetDependency;
			target = 1ECCE7E42DB7B7080017CA12 /* apple_contact_clone */;
			targetProxy = 1ECCE7F32DB7B70A0017CA12 /* PBXContainerItemProxy */;
		};
		1ECCE7FE2DB7B70A0017CA12 /* PBXTargetDependency */ = {
			isa = PBXTargetDependency;
			target = 1ECCE7E42DB7B7080017CA12 /* apple_contact_clone */;
			targetProxy = 1ECCE7FD2DB7B70A0017CA12 /* PBXContainerItemProxy */;
		};
/* End PBXTargetDependency section */

/* Begin XCBuildConfiguration section */
		1ECCE8042DB7B70A0017CA12 /* Debug */ = {
			isa = XCBuildConfiguration;
			buildSettings = {
				ALWAYS_SEARCH_USER_PATHS = NO;
				ASSETCATALOG_COMPILER_GENERATE_SWIFT_ASSET_SYMBOL_EXTENSIONS = YES;
				CLANG_ANALYZER_NONNULL = YES;
				CLANG_ANALYZER_NUMBER_OBJECT_CONVERSION = YES_AGGRESSIVE;
				CLANG_CXX_LANGUAGE_STANDARD = "gnu++20";
				CLANG_ENABLE_MODULES = YES;
				CLANG_ENABLE_OBJC_ARC = YES;
				CLANG_ENABLE_OBJC_WEAK = YES;
				CLANG_WARN_BLOCK_CAPTURE_AUTORELEASING = YES;
				CLANG_WARN_BOOL_CONVERSION = YES;
				CLANG_WARN_COMMA = YES;
				CLANG_WARN_CONSTANT_CONVERSION = YES;
				CLANG_WARN_DEPRECATED_OBJC_IMPLEMENTATIONS = YES;
				CLANG_WARN_DIRECT_OBJC_ISA_USAGE = YES_ERROR;
				CLANG_WARN_DOCUMENTATION_COMMENTS = YES;
				CLANG_WARN_EMPTY_BODY = YES;
				CLANG_WARN_ENUM_CONVERSION = YES;
				CLANG_WARN_INFINITE_RECURSION = YES;
				CLANG_WARN_INT_CONVERSION = YES;
				CLANG_WARN_NON_LITERAL_NULL_CONVERSION = YES;
				CLANG_WARN_OBJC_IMPLICIT_RETAIN_SELF = YES;
				CLANG_WARN_OBJC_LITERAL_CONVERSION = YES;
				CLANG_WARN_OBJC_ROOT_CLASS = YES_ERROR;
				CLANG_WARN_QUOTED_INCLUDE_IN_FRAMEWORK_HEADER = YES;
				CLANG_WARN_RANGE_LOOP_ANALYSIS = YES;
				CLANG_WARN_STRICT_PROTOTYPES = YES;
				CLANG_WARN_SUSPICIOUS_MOVE = YES;
				CLANG_WARN_UNGUARDED_AVAILABILITY = YES_AGGRESSIVE;
				CLANG_WARN_UNREACHABLE_CODE = YES;
				CLANG_WARN__DUPLICATE_METHOD_MATCH = YES;
				COPY_PHASE_STRIP = NO;
				DEBUG_INFORMATION_FORMAT = dwarf;
				DEVELOPMENT_TEAM = VCW7FU3N47;
				ENABLE_STRICT_OBJC_MSGSEND = YES;
				ENABLE_TESTABILITY = YES;
				ENABLE_USER_SCRIPT_SANDBOXING = YES;
				GCC_C_LANGUAGE_STANDARD = gnu17;
				GCC_DYNAMIC_NO_PIC = NO;
				GCC_NO_COMMON_BLOCKS = YES;
				GCC_OPTIMIZATION_LEVEL = 0;
				GCC_PREPROCESSOR_DEFINITIONS = (
					"DEBUG=1",
					"$(inherited)",
				);
				GCC_WARN_64_TO_32_BIT_CONVERSION = YES;
				GCC_WARN_ABOUT_RETURN_TYPE = YES_ERROR;
				GCC_WARN_UNDECLARED_SELECTOR = YES;
				GCC_WARN_UNINITIALIZED_AUTOS = YES_AGGRESSIVE;
				GCC_WARN_UNUSED_FUNCTION = YES;
				GCC_WARN_UNUSED_VARIABLE = YES;
				IPHONEOS_DEPLOYMENT_TARGET = 18.4;
				LOCALIZATION_PREFERS_STRING_CATALOGS = YES;
				MTL_ENABLE_DEBUG_INFO = INCLUDE_SOURCE;
				MTL_FAST_MATH = YES;
				ONLY_ACTIVE_ARCH = YES;
				SDKROOT = iphoneos;
				SWIFT_ACTIVE_COMPILATION_CONDITIONS = "DEBUG $(inherited)";
				SWIFT_OPTIMIZATION_LEVEL = "-Onone";
			};
			name = Debug;
		};
		1ECCE8052DB7B70A0017CA12 /* Release */ = {
			isa = XCBuildConfiguration;
			buildSettings = {
				ALWAYS_SEARCH_USER_PATHS = NO;
				ASSETCATALOG_COMPILER_GENERATE_SWIFT_ASSET_SYMBOL_EXTENSIONS = YES;
				CLANG_ANALYZER_NONNULL = YES;
				CLANG_ANALYZER_NUMBER_OBJECT_CONVERSION = YES_AGGRESSIVE;
				CLANG_CXX_LANGUAGE_STANDARD = "gnu++20";
				CLANG_ENABLE_MODULES = YES;
				CLANG_ENABLE_OBJC_ARC = YES;
				CLANG_ENABLE_OBJC_WEAK = YES;
				CLANG_WARN_BLOCK_CAPTURE_AUTORELEASING = YES;
				CLANG_WARN_BOOL_CONVERSION = YES;
				CLANG_WARN_COMMA = YES;
				CLANG_WARN_CONSTANT_CONVERSION = YES;
				CLANG_WARN_DEPRECATED_OBJC_IMPLEMENTATIONS = YES;
				CLANG_WARN_DIRECT_OBJC_ISA_USAGE = YES_ERROR;
				CLANG_WARN_DOCUMENTATION_COMMENTS = YES;
				CLANG_WARN_EMPTY_BODY = YES;
				CLANG_WARN_ENUM_CONVERSION = YES;
				CLANG_WARN_INFINITE_RECURSION = YES;
				CLANG_WARN_INT_CONVERSION = YES;
				CLANG_WARN_NON_LITERAL_NULL_CONVERSION = YES;
				CLANG_WARN_OBJC_IMPLICIT_RETAIN_SELF = YES;
				CLANG_WARN_OBJC_LITERAL_CONVERSION = YES;
				CLANG_WARN_OBJC_ROOT_CLASS = YES_ERROR;
				CLANG_WARN_QUOTED_INCLUDE_IN_FRAMEWORK_HEADER = YES;
				CLANG_WARN_RANGE_LOOP_ANALYSIS = YES;
				CLANG_WARN_STRICT_PROTOTYPES = YES;
				CLANG_WARN_SUSPICIOUS_MOVE = YES;
				CLANG_WARN_UNGUARDED_AVAILABILITY = YES_AGGRESSIVE;
				CLANG_WARN_UNREACHABLE_CODE = YES;
				CLANG_WARN__DUPLICATE_METHOD_MATCH = YES;
				COPY_PHASE_STRIP = NO;
				DEBUG_INFORMATION_FORMAT = "dwarf-with-dsym";
				DEVELOPMENT_TEAM = VCW7FU3N47;
				ENABLE_NS_ASSERTIONS = NO;
				ENABLE_STRICT_OBJC_MSGSEND = YES;
				ENABLE_USER_SCRIPT_SANDBOXING = YES;
				GCC_C_LANGUAGE_STANDARD = gnu17;
				GCC_NO_COMMON_BLOCKS = YES;
				GCC_WARN_64_TO_32_BIT_CONVERSION = YES;
				GCC_WARN_ABOUT_RETURN_TYPE = YES_ERROR;
				GCC_WARN_UNDECLARED_SELECTOR = YES;
				GCC_WARN_UNINITIALIZED_AUTOS = YES_AGGRESSIVE;
				GCC_WARN_UNUSED_FUNCTION = YES;
				GCC_WARN_UNUSED_VARIABLE = YES;
				IPHONEOS_DEPLOYMENT_TARGET = 18.4;
				LOCALIZATION_PREFERS_STRING_CATALOGS = YES;
				MTL_ENABLE_DEBUG_INFO = NO;
				MTL_FAST_MATH = YES;
				SDKROOT = iphoneos;
				SWIFT_COMPILATION_MODE = wholemodule;
				VALIDATE_PRODUCT = YES;
			};
			name = Release;
		};
		1ECCE8072DB7B70A0017CA12 /* Debug */ = {
			isa = XCBuildConfiguration;
			buildSettings = {
				ASSETCATALOG_COMPILER_APPICON_NAME = AppIcon;
				ASSETCATALOG_COMPILER_GLOBAL_ACCENT_COLOR_NAME = AccentColor;
				CODE_SIGN_STYLE = Automatic;
				CURRENT_PROJECT_VERSION = 1;
				DEVELOPMENT_TEAM = VCW7FU3N47;
				ENABLE_PREVIEWS = YES;
				GENERATE_INFOPLIST_FILE = YES;
				INFOPLIST_KEY_UIApplicationSceneManifest_Generation = YES;
				INFOPLIST_KEY_UIApplicationSupportsIndirectInputEvents = YES;
				INFOPLIST_KEY_UILaunchScreen_Generation = YES;
				INFOPLIST_KEY_UISupportedInterfaceOrientations_iPad = "UIInterfaceOrientationPortrait UIInterfaceOrientationPortraitUpsideDown UIInterfaceOrientationLandscapeLeft UIInterfaceOrientationLandscapeRight";
				INFOPLIST_KEY_UISupportedInterfaceOrientations_iPhone = "UIInterfaceOrientationPortrait UIInterfaceOrientationLandscapeLeft UIInterfaceOrientationLandscapeRight";
				LD_RUNPATH_SEARCH_PATHS = (
					"$(inherited)",
					"@executable_path/Frameworks",
				);
				MARKETING_VERSION = 1.0;
				PRODUCT_BUNDLE_IDENTIFIER = "com.tade.apple-contact-clone";
				PRODUCT_NAME = "$(TARGET_NAME)";
				SWIFT_EMIT_LOC_STRINGS = YES;
				SWIFT_VERSION = 5.0;
				TARGETED_DEVICE_FAMILY = "1,2";
			};
			name = Debug;
		};
		1ECCE8082DB7B70A0017CA12 /* Release */ = {
			isa = XCBuildConfiguration;
			buildSettings = {
				ASSETCATALOG_COMPILER_APPICON_NAME = AppIcon;
				ASSETCATALOG_COMPILER_GLOBAL_ACCENT_COLOR_NAME = AccentColor;
				CODE_SIGN_STYLE = Automatic;
				CURRENT_PROJECT_VERSION = 1;
				DEVELOPMENT_TEAM = VCW7FU3N47;
				ENABLE_PREVIEWS = YES;
				GENERATE_INFOPLIST_FILE = YES;
				INFOPLIST_KEY_UIApplicationSceneManifest_Generation = YES;
				INFOPLIST_KEY_UIApplicationSupportsIndirectInputEvents = YES;
				INFOPLIST_KEY_UILaunchScreen_Generation = YES;
				INFOPLIST_KEY_UISupportedInterfaceOrientations_iPad = "UIInterfaceOrientationPortrait UIInterfaceOrientationPortraitUpsideDown UIInterfaceOrientationLandscapeLeft UIInterfaceOrientationLandscapeRight";
				INFOPLIST_KEY_UISupportedInterfaceOrientations_iPhone = "UIInterfaceOrientationPortrait UIInterfaceOrientationLandscapeLeft UIInterfaceOrientationLandscapeRight";
				LD_RUNPATH_SEARCH_PATHS = (
					"$(inherited)",
					"@executable_path/Frameworks",
				);
				MARKETING_VERSION = 1.0;
				PRODUCT_BUNDLE_IDENTIFIER = "com.tade.apple-contact-clone";
				PRODUCT_NAME = "$(TARGET_NAME)";
				SWIFT_EMIT_LOC_STRINGS = YES;
				SWIFT_VERSION = 5.0;
				TARGETED_DEVICE_FAMILY = "1,2";
			};
			name = Release;
		};
		1ECCE80A2DB7B70A0017CA12 /* Debug */ = {
			isa = XCBuildConfiguration;
			buildSettings = {
				BUNDLE_LOADER = "$(TEST_HOST)";
				CODE_SIGN_STYLE = Automatic;
				CURRENT_PROJECT_VERSION = 1;
				DEVELOPMENT_TEAM = VCW7FU3N47;
				GENERATE_INFOPLIST_FILE = YES;
				IPHONEOS_DEPLOYMENT_TARGET = 18.4;
				MARKETING_VERSION = 1.0;
				PRODUCT_BUNDLE_IDENTIFIER = "com.tade.apple-contact-cloneTests";
				PRODUCT_NAME = "$(TARGET_NAME)";
				SWIFT_EMIT_LOC_STRINGS = NO;
				SWIFT_VERSION = 5.0;
				TARGETED_DEVICE_FAMILY = "1,2";
				TEST_HOST = "$(BUILT_PRODUCTS_DIR)/apple_contact_clone.app/$(BUNDLE_EXECUTABLE_FOLDER_PATH)/apple_contact_clone";
			};
			name = Debug;
		};
		1ECCE80B2DB7B70A0017CA12 /* Release */ = {
			isa = XCBuildConfiguration;
			buildSettings = {
				BUNDLE_LOADER = "$(TEST_HOST)";
				CODE_SIGN_STYLE = Automatic;
				CURRENT_PROJECT_VERSION = 1;
				DEVELOPMENT_TEAM = VCW7FU3N47;
				GENERATE_INFOPLIST_FILE = YES;
				IPHONEOS_DEPLOYMENT_TARGET = 18.4;
				MARKETING_VERSION = 1.0;
				PRODUCT_BUNDLE_IDENTIFIER = "com.tade.apple-contact-cloneTests";
				PRODUCT_NAME = "$(TARGET_NAME)";
				SWIFT_EMIT_LOC_STRINGS = NO;
				SWIFT_VERSION = 5.0;
				TARGETED_DEVICE_FAMILY = "1,2";
				TEST_HOST = "$(BUILT_PRODUCTS_DIR)/apple_contact_clone.app/$(BUNDLE_EXECUTABLE_FOLDER_PATH)/apple_contact_clone";
			};
			name = Release;
		};
		1ECCE80D2DB7B70A0017CA12 /* Debug */ = {
			isa = XCBuildConfiguration;
			buildSettings = {
				CODE_SIGN_STYLE = Automatic;
				CURRENT_PROJECT_VERSION = 1;
				DEVELOPMENT_TEAM = VCW7FU3N47;
				GENERATE_INFOPLIST_FILE = YES;
				MARKETING_VERSION = 1.0;
				PRODUCT_BUNDLE_IDENTIFIER = "com.tade.apple-contact-cloneUITests";
				PRODUCT_NAME = "$(TARGET_NAME)";
				SWIFT_EMIT_LOC_STRINGS = NO;
				SWIFT_VERSION = 5.0;
				TARGETED_DEVICE_FAMILY = "1,2";
				TEST_TARGET_NAME = apple_contact_clone;
			};
			name = Debug;
		};
		1ECCE80E2DB7B70A0017CA12 /* Release */ = {
			isa = XCBuildConfiguration;
			buildSettings = {
				CODE_SIGN_STYLE = Automatic;
				CURRENT_PROJECT_VERSION = 1;
				DEVELOPMENT_TEAM = VCW7FU3N47;
				GENERATE_INFOPLIST_FILE = YES;
				MARKETING_VERSION = 1.0;
				PRODUCT_BUNDLE_IDENTIFIER = "com.tade.apple-contact-cloneUITests";
				PRODUCT_NAME = "$(TARGET_NAME)";
				SWIFT_EMIT_LOC_STRINGS = NO;
				SWIFT_VERSION = 5.0;
				TARGETED_DEVICE_FAMILY = "1,2";
				TEST_TARGET_NAME = apple_contact_clone;
			};
			name = Release;
		};
/* End XCBuildConfiguration section */

/* Begin XCConfigurationList section */
		1ECCE7E02DB7B7080017CA12 /* Build configuration list for PBXProject "apple_contact_clone" */ = {
			isa = XCConfigurationList;
			buildConfigurations = (
				1ECCE8042DB7B70A0017CA12 /* Debug */,
				1ECCE8052DB7B70A0017CA12 /* Release */,
			);
			defaultConfigurationIsVisible = 0;
			defaultConfigurationName = Release;
		};
		1ECCE8062DB7B70A0017CA12 /* Build configuration list for PBXNativeTarget "apple_contact_clone" */ = {
			isa = XCConfigurationList;
			buildConfigurations = (
				1ECCE8072DB7B70A0017CA12 /* Debug */,
				1ECCE8082DB7B70A0017CA12 /* Release */,
			);
			defaultConfigurationIsVisible = 0;
			defaultConfigurationName = Release;
		};
		1ECCE8092DB7B70A0017CA12 /* Build configuration list for PBXNativeTarget "apple_contact_cloneTests" */ = {
			isa = XCConfigurationList;
			buildConfigurations = (
				1ECCE80A2DB7B70A0017CA12 /* Debug */,
				1ECCE80B2DB7B70A0017CA12 /* Release */,
			);
			defaultConfigurationIsVisible = 0;
			defaultConfigurationName = Release;
		};
		1ECCE80C2DB7B70A0017CA12 /* Build configuration list for PBXNativeTarget "apple_contact_cloneUITests" */ = {
			isa = XCConfigurationList;
			buildConfigurations = (
				1ECCE80D2DB7B70A0017CA12 /* Debug */,
				1ECCE80E2DB7B70A0017CA12 /* Release */,
			);
			defaultConfigurationIsVisible = 0;
			defaultConfigurationName = Release;
		};
/* End XCConfigurationList section */
	};
	rootObject = 1ECCE7DD2DB7B7080017CA12 /* Project object */;
}
